
Microsoft Visual Studio Solution File, Format Version 12.00
# Visual Studio 15
VisualStudioVersion = 15.0.27428.2027
MinimumVisualStudioVersion = 10.0.40219.1
Project("{FAE04EC0-301F-11D3-BF4B-00C04F79EFBC}") = "CSharpBeginner", "CSharpBeginner\CSharpBeginner.csproj", "{2066376F-087F-4524-AF57-6B60F02F191C}"
EndProject
Project("{FAE04EC0-301F-11D3-BF4B-00C04F79EFBC}") = "CSharpIntermediate", "CSharpIntermediate\CSharpIntermediate.csproj", "{6296C697-A0A3-4E89-B235-03B38F4B3E85}"
EndProject
Project("{FAE04EC0-301F-11D3-BF4B-00C04F79EFBC}") = "CSharpBeginner.UnitTests", "CSharpBeginner.UnitTests\CSharpBeginner.UnitTests.csproj", "{802B13D0-00B5-4E50-A877-8CED21CF37D6}"
EndProject
Project("{FAE04EC0-301F-11D3-BF4B-00C04F79EFBC}") = "CSharpAdvanced", "CSharpAdvanced\CSharpAdvanced.csproj", "{96A72187-1D86-46CD-828F-482D1DA21B8E}"
EndProject
Project("{FAE04EC0-301F-11D3-BF4B-00C04F79EFBC}") = "DataStructuresAndAlgorithms", "DataStructuresAndAlgorithms\DataStructuresAndAlgorithms.csproj", "{4FB28AE0-6223-40A2-B3D7-EDCE0E8C6950}"
EndProject
Global
	GlobalSection(SolutionConfigurationPlatforms) = preSolution
		Debug|Any CPU = Debug|Any CPU
		Release|Any CPU = Release|Any CPU
	EndGlobalSection
	GlobalSection(ProjectConfigurationPlatforms) = postSolution
		{2066376F-087F-4524-AF57-6B60F02F191C}.Debug|Any CPU.ActiveCfg = Debug|Any CPU
		{2066376F-087F-4524-AF57-6B60F02F191C}.Debug|Any CPU.Build.0 = Debug|Any CPU
		{2066376F-087F-4524-AF57-6B60F02F191C}.Release|Any CPU.ActiveCfg = Release|Any CPU
		{2066376F-087F-4524-AF57-6B60F02F191C}.Release|Any CPU.Build.0 = Release|Any CPU
		{6296C697-A0A3-4E89-B235-03B38F4B3E85}.Debug|Any CPU.ActiveCfg = Debug|Any CPU
		{6296C697-A0A3-4E89-B235-03B38F4B3E85}.Debug|Any CPU.Build.0 = Debug|Any CPU
		{6296C697-A0A3-4E89-B235-03B38F4B3E85}.Release|Any CPU.ActiveCfg = Release|Any CPU
		{6296C697-A0A3-4E89-B235-03B38F4B3E85}.Release|Any CPU.Build.0 = Release|Any CPU
		{802B13D0-00B5-4E50-A877-8CED21CF37D6}.Debug|Any CPU.ActiveCfg = Debug|Any CPU
		{802B13D0-00B5-4E50-A877-8CED21CF37D6}.Debug|Any CPU.Build.0 = Debug|Any CPU
		{802B13D0-00B5-4E50-A877-8CED21CF37D6}.Release|Any CPU.ActiveCfg = Release|Any CPU
		{802B13D0-00B5-4E50-A877-8CED21CF37D6}.Release|Any CPU.Build.0 = Release|Any CPU
		{96A72187-1D86-46CD-828F-482D1DA21B8E}.Debug|Any CPU.ActiveCfg = Debug|Any CPU
		{96A72187-1D86-46CD-828F-482D1DA21B8E}.Debug|Any CPU.Build.0 = Debug|Any CPU
		{96A72187-1D86-46CD-828F-482D1DA21B8E}.Release|Any CPU.ActiveCfg = Release|Any CPU
		{96A72187-1D86-46CD-828F-482D1DA21B8E}.Release|Any CPU.Build.0 = Release|Any CPU
		{4FB28AE0-6223-40A2-B3D7-EDCE0E8C6950}.Debug|Any CPU.ActiveCfg = Debug|Any CPU
		{4FB28AE0-6223-40A2-B3D7-EDCE0E8C6950}.Debug|Any CPU.Build.0 = Debug|Any CPU
		{4FB28AE0-6223-40A2-B3D7-EDCE0E8C6950}.Release|Any CPU.ActiveCfg = Release|Any CPU
		{4FB28AE0-6223-40A2-B3D7-EDCE0E8C6950}.Release|Any CPU.Build.0 = Release|Any CPU
	EndGlobalSection
	GlobalSection(SolutionProperties) = preSolution
		HideSolutionNode = FALSE
	EndGlobalSection
	GlobalSection(ExtensibilityGlobals) = postSolution
		SolutionGuid = {B6C6D756-8830-4908-B337-715EC43D00B5}
	EndGlobalSection
EndGlobal
